
Microsoft Visual Studio Solution File, Format Version 12.00
# Visual Studio Version 17
VisualStudioVersion = 17.11.35327.3
MinimumVisualStudioVersion = 10.0.40219.1
Project("{FAE04EC0-301F-11D3-BF4B-00C04F79EFBC}") = "klavyeden girilen 2 sayının bölümünü bulan c# kodu", "klavyeden girilen 2 sayının bölümünü bulan c# kodu\klavyeden girilen 2 sayının bölümünü bulan c# kodu.csproj", "{A770B8E5-78C3-4138-9163-2D38187AC260}"
EndProject
Global
	GlobalSection(SolutionConfigurationPlatforms) = preSolution
		Debug|Any CPU = Debug|Any CPU
		Release|Any CPU = Release|Any CPU
	EndGlobalSection
	GlobalSection(ProjectConfigurationPlatforms) = postSolution
		{A770B8E5-78C3-4138-9163-2D38187AC260}.Debug|Any CPU.ActiveCfg = Debug|Any CPU
		{A770B8E5-78C3-4138-9163-2D38187AC260}.Debug|Any CPU.Build.0 = Debug|Any CPU
		{A770B8E5-78C3-4138-9163-2D38187AC260}.Release|Any CPU.ActiveCfg = Release|Any CPU
		{A770B8E5-78C3-4138-9163-2D38187AC260}.Release|Any CPU.Build.0 = Release|Any CPU
	EndGlobalSection
	GlobalSection(SolutionProperties) = preSolution
		HideSolutionNode = FALSE
	EndGlobalSection
	GlobalSection(ExtensibilityGlobals) = postSolution
		SolutionGuid = {26344467-9A8A-402B-984B-2FF134D40CAC}
	EndGlobalSection
EndGlobal
